
Microsoft Visual Studio Solution File, Format Version 12.00
# Visual Studio Version 16
VisualStudioVersion = 16.0.28729.10
MinimumVisualStudioVersion = 15.0.26124.0
Project("{9A19103F-16F7-4668-BE54-9A1E7A4F7556}") = "SeedNode", "SeedNode\SeedNode.csproj", "{57D4B9CA-7AC1-4ABA-A8A0-2800BD3E0232}"
EndProject
Project("{9A19103F-16F7-4668-BE54-9A1E7A4F7556}") = "SampleCluster.Shared", "SampleCluster\Shared\SampleCluster.Shared.csproj", "{EE094CD9-9129-4200-9320-0AFF3DD4E641}"
EndProject
Project("{9A19103F-16F7-4668-BE54-9A1E7A4F7556}") = "SampleCluster.Server", "SampleCluster\Server\SampleCluster.Server.csproj", "{55E3C2B0-5458-450B-9C26-9311042073E9}"
EndProject
Project("{9A19103F-16F7-4668-BE54-9A1E7A4F7556}") = "SampleCluster.Client", "SampleCluster\Client\SampleCluster.Client.csproj", "{2EEA5BA1-3225-404D-83F8-293B2D4CB04A}"
EndProject
Global
	GlobalSection(SolutionConfigurationPlatforms) = preSolution
		Debug|Any CPU = Debug|Any CPU
		Debug|x64 = Debug|x64
		Debug|x86 = Debug|x86
		Release|Any CPU = Release|Any CPU
		Release|x64 = Release|x64
		Release|x86 = Release|x86
	EndGlobalSection
	GlobalSection(ProjectConfigurationPlatforms) = postSolution
		{57D4B9CA-7AC1-4ABA-A8A0-2800BD3E0232}.Debug|Any CPU.ActiveCfg = Debug|Any CPU
		{57D4B9CA-7AC1-4ABA-A8A0-2800BD3E0232}.Debug|Any CPU.Build.0 = Debug|Any CPU
		{57D4B9CA-7AC1-4ABA-A8A0-2800BD3E0232}.Debug|x64.ActiveCfg = Debug|Any CPU
		{57D4B9CA-7AC1-4ABA-A8A0-2800BD3E0232}.Debug|x64.Build.0 = Debug|Any CPU
		{57D4B9CA-7AC1-4ABA-A8A0-2800BD3E0232}.Debug|x86.ActiveCfg = Debug|Any CPU
		{57D4B9CA-7AC1-4ABA-A8A0-2800BD3E0232}.Debug|x86.Build.0 = Debug|Any CPU
		{57D4B9CA-7AC1-4ABA-A8A0-2800BD3E0232}.Release|Any CPU.ActiveCfg = Release|Any CPU
		{57D4B9CA-7AC1-4ABA-A8A0-2800BD3E0232}.Release|Any CPU.Build.0 = Release|Any CPU
		{57D4B9CA-7AC1-4ABA-A8A0-2800BD3E0232}.Release|x64.ActiveCfg = Release|Any CPU
		{57D4B9CA-7AC1-4ABA-A8A0-2800BD3E0232}.Release|x64.Build.0 = Release|Any CPU
		{57D4B9CA-7AC1-4ABA-A8A0-2800BD3E0232}.Release|x86.ActiveCfg = Release|Any CPU
		{57D4B9CA-7AC1-4ABA-A8A0-2800BD3E0232}.Release|x86.Build.0 = Release|Any CPU
		{EE094CD9-9129-4200-9320-0AFF3DD4E641}.Debug|Any CPU.ActiveCfg = Debug|Any CPU
		{EE094CD9-9129-4200-9320-0AFF3DD4E641}.Debug|Any CPU.Build.0 = Debug|Any CPU
		{EE094CD9-9129-4200-9320-0AFF3DD4E641}.Debug|x64.ActiveCfg = Debug|Any CPU
		{EE094CD9-9129-4200-9320-0AFF3DD4E641}.Debug|x64.Build.0 = Debug|Any CPU
		{EE094CD9-9129-4200-9320-0AFF3DD4E641}.Debug|x86.ActiveCfg = Debug|Any CPU
		{EE094CD9-9129-4200-9320-0AFF3DD4E641}.Debug|x86.Build.0 = Debug|Any CPU
		{EE094CD9-9129-4200-9320-0AFF3DD4E641}.Release|Any CPU.ActiveCfg = Release|Any CPU
		{EE094CD9-9129-4200-9320-0AFF3DD4E641}.Release|Any CPU.Build.0 = Release|Any CPU
		{EE094CD9-9129-4200-9320-0AFF3DD4E641}.Release|x64.ActiveCfg = Release|Any CPU
		{EE094CD9-9129-4200-9320-0AFF3DD4E641}.Release|x64.Build.0 = Release|Any CPU
		{EE094CD9-9129-4200-9320-0AFF3DD4E641}.Release|x86.ActiveCfg = Release|Any CPU
		{EE094CD9-9129-4200-9320-0AFF3DD4E641}.Release|x86.Build.0 = Release|Any CPU
		{55E3C2B0-5458-450B-9C26-9311042073E9}.Debug|Any CPU.ActiveCfg = Debug|Any CPU
		{55E3C2B0-5458-450B-9C26-9311042073E9}.Debug|Any CPU.Build.0 = Debug|Any CPU
		{55E3C2B0-5458-450B-9C26-9311042073E9}.Debug|x64.ActiveCfg = Debug|Any CPU
		{55E3C2B0-5458-450B-9C26-9311042073E9}.Debug|x64.Build.0 = Debug|Any CPU
		{55E3C2B0-5458-450B-9C26-9311042073E9}.Debug|x86.ActiveCfg = Debug|Any CPU
		{55E3C2B0-5458-450B-9C26-9311042073E9}.Debug|x86.Build.0 = Debug|Any CPU
		{55E3C2B0-5458-450B-9C26-9311042073E9}.Release|Any CPU.ActiveCfg = Release|Any CPU
		{55E3C2B0-5458-450B-9C26-9311042073E9}.Release|Any CPU.Build.0 = Release|Any CPU
		{55E3C2B0-5458-450B-9C26-9311042073E9}.Release|x64.ActiveCfg = Release|Any CPU
		{55E3C2B0-5458-450B-9C26-9311042073E9}.Release|x64.Build.0 = Release|Any CPU
		{55E3C2B0-5458-450B-9C26-9311042073E9}.Release|x86.ActiveCfg = Release|Any CPU
		{55E3C2B0-5458-450B-9C26-9311042073E9}.Release|x86.Build.0 = Release|Any CPU
		{2EEA5BA1-3225-404D-83F8-293B2D4CB04A}.Debug|Any CPU.ActiveCfg = Debug|Any CPU
		{2EEA5BA1-3225-404D-83F8-293B2D4CB04A}.Debug|Any CPU.Build.0 = Debug|Any CPU
		{2EEA5BA1-3225-404D-83F8-293B2D4CB04A}.Debug|x64.ActiveCfg = Debug|Any CPU
		{2EEA5BA1-3225-404D-83F8-293B2D4CB04A}.Debug|x64.Build.0 = Debug|Any CPU
		{2EEA5BA1-3225-404D-83F8-293B2D4CB04A}.Debug|x86.ActiveCfg = Debug|Any CPU
		{2EEA5BA1-3225-404D-83F8-293B2D4CB04A}.Debug|x86.Build.0 = Debug|Any CPU
		{2EEA5BA1-3225-404D-83F8-293B2D4CB04A}.Release|Any CPU.ActiveCfg = Release|Any CPU
		{2EEA5BA1-3225-404D-83F8-293B2D4CB04A}.Release|Any CPU.Build.0 = Release|Any CPU
		{2EEA5BA1-3225-404D-83F8-293B2D4CB04A}.Release|x64.ActiveCfg = Release|Any CPU
		{2EEA5BA1-3225-404D-83F8-293B2D4CB04A}.Release|x64.Build.0 = Release|Any CPU
		{2EEA5BA1-3225-404D-83F8-293B2D4CB04A}.Release|x86.ActiveCfg = Release|Any CPU
		{2EEA5BA1-3225-404D-83F8-293B2D4CB04A}.Release|x86.Build.0 = Release|Any CPU
	EndGlobalSection
	GlobalSection(SolutionProperties) = preSolution
		HideSolutionNode = FALSE
	EndGlobalSection
	GlobalSection(ExtensibilityGlobals) = postSolution
		SolutionGuid = {59D8A0A9-8260-48DC-AACC-D6C8FC94D41E}
	EndGlobalSection
EndGlobal
